dependencies:
- name: aws-load-balancer-controller
  repository: https://aws.github.io/eks-charts
  version: 1.1.5
- name: cassandra
  repository: https://charts.bitnami.com/bitnami
  version: 7.3.3
- name: kafka
  repository: https://charts.bitnami.com/bitnami
  version: 12.9.5
- name: metrics-server
  repository: https://charts.bitnami.com/bitnami
  version: 5.8.3
- name: kubernetes-dashboard
  repository: https://kubernetes.github.io/dashboard/
  version: 4.0.2
digest: sha256:c03d324adfdd34f2b35cf33d330539c836bf7903b7a380e3b6a87be7ccee92fa
generated: "2021-04-10T01:59:22.267842-07:00"
